
Microsoft Visual Studio Solution File, Format Version 12.00
Project("{FAE04EC0-301F-11D3-BF4B-00C04F79EFBC}") = "DiscordBot", "DiscordBot\DiscordBot.csproj", "{3F1D4D0A-7EBE-4744-8E5C-17A16502C3CA}"
EndProject
Project("{FAE04EC0-301F-11D3-BF4B-00C04F79EFBC}") = "GPT", "GPT\GPT.csproj", "{09117473-753B-435E-9B5C-E2F31861CD6F}"
EndProject
Project("{FAE04EC0-301F-11D3-BF4B-00C04F79EFBC}") = "AIBotWebApp", "AIBotWebApp\AIBotWebApp.csproj", "{24851AD0-4B90-4DD3-AF2F-A10C543F44C5}"
EndProject
Project("{FAE04EC0-301F-11D3-BF4B-00C04F79EFBC}") = "Audio", "Audio\Audio.csproj", "{E6B72FC3-CE4F-4B03-B58A-957D16E79185}"
EndProject
Global
	GlobalSection(SolutionConfigurationPlatforms) = preSolution
		Debug|Any CPU = Debug|Any CPU
		Release|Any CPU = Release|Any CPU
	EndGlobalSection
	GlobalSection(ProjectConfigurationPlatforms) = postSolution
		{3F1D4D0A-7EBE-4744-8E5C-17A16502C3CA}.Debug|Any CPU.ActiveCfg = Debug|Any CPU
		{3F1D4D0A-7EBE-4744-8E5C-17A16502C3CA}.Debug|Any CPU.Build.0 = Debug|Any CPU
		{3F1D4D0A-7EBE-4744-8E5C-17A16502C3CA}.Release|Any CPU.ActiveCfg = Release|Any CPU
		{3F1D4D0A-7EBE-4744-8E5C-17A16502C3CA}.Release|Any CPU.Build.0 = Release|Any CPU
		{09117473-753B-435E-9B5C-E2F31861CD6F}.Debug|Any CPU.ActiveCfg = Debug|Any CPU
		{09117473-753B-435E-9B5C-E2F31861CD6F}.Debug|Any CPU.Build.0 = Debug|Any CPU
		{09117473-753B-435E-9B5C-E2F31861CD6F}.Release|Any CPU.ActiveCfg = Release|Any CPU
		{09117473-753B-435E-9B5C-E2F31861CD6F}.Release|Any CPU.Build.0 = Release|Any CPU
		{24851AD0-4B90-4DD3-AF2F-A10C543F44C5}.Debug|Any CPU.ActiveCfg = Debug|Any CPU
		{24851AD0-4B90-4DD3-AF2F-A10C543F44C5}.Debug|Any CPU.Build.0 = Debug|Any CPU
		{24851AD0-4B90-4DD3-AF2F-A10C543F44C5}.Release|Any CPU.ActiveCfg = Release|Any CPU
		{24851AD0-4B90-4DD3-AF2F-A10C543F44C5}.Release|Any CPU.Build.0 = Release|Any CPU
		{E6B72FC3-CE4F-4B03-B58A-957D16E79185}.Debug|Any CPU.ActiveCfg = Debug|Any CPU
		{E6B72FC3-CE4F-4B03-B58A-957D16E79185}.Debug|Any CPU.Build.0 = Debug|Any CPU
		{E6B72FC3-CE4F-4B03-B58A-957D16E79185}.Release|Any CPU.ActiveCfg = Release|Any CPU
		{E6B72FC3-CE4F-4B03-B58A-957D16E79185}.Release|Any CPU.Build.0 = Release|Any CPU
	EndGlobalSection
EndGlobal
